// !$*UTF8*$!
{
	archiveVersion = 1;
	classes = {
	};
	objectVersion = 46;
	objects = {

/* Begin PBXBuildFile section */
		9176EE041436E2FC00626DA4 /* concordance.c in Sources */ = {isa = PBXBuildFile; fileRef = 9176EE021436E2FC00626DA4 /* concordance.c */; };
		9176EE061436E56500626DA4 /* libconcord.dylib in Frameworks */ = {isa = PBXBuildFile; fileRef = 9176EE051436E56500626DA4 /* libconcord.dylib */; };
/* End PBXBuildFile section */

/* Begin PBXCopyFilesBuildPhase section */
		9176EDB31436DE0500626DA4 /* CopyFiles */ = {
			isa = PBXCopyFilesBuildPhase;
			buildActionMask = 2147483647;
			dstPath = /usr/share/man/man1/;
			dstSubfolderSpec = 0;
			files = (
			);
			runOnlyForDeploymentPostprocessing = 1;
		};
/* End PBXCopyFilesBuildPhase section */

/* Begin PBXFileReference section */
		9176EDB51436DE0500626DA4 /* concordance */ = {isa = PBXFileReference; explicitFileType = "compiled.mach-o.executable"; includeInIndex = 0; path = concordance; sourceTree = BUILT_PRODUCTS_DIR; };
		9176EE021436E2FC00626DA4 /* concordance.c */ = {isa = PBXFileReference; fileEncoding = 4; lastKnownFileType = sourcecode.c.c; path = concordance.c; sourceTree = "<group>"; };
		9176EE031436E2FC00626DA4 /* libconcord.h */ = {isa = PBXFileReference; fileEncoding = 4; lastKnownFileType = sourcecode.c.h; path = libconcord.h; sourceTree = "<group>"; };
		9176EE051436E56500626DA4 /* libconcord.dylib */ = {isa = PBXFileReference; lastKnownFileType = "compiled.mach-o.dylib"; name = libconcord.dylib; path = ../../../../usr/local/lib/libconcord.dylib; sourceTree = "<group>"; };
/* End PBXFileReference section */

/* Begin PBXFrameworksBuildPhase section */
		9176EDB21436DE0500626DA4 /* Frameworks */ = {
			isa = PBXFrameworksBuildPhase;
			buildActionMask = 2147483647;
			files = (
				9176EE061436E56500626DA4 /* libconcord.dylib in Frameworks */,
			);
			runOnlyForDeploymentPostprocessing = 0;
		};
/* End PBXFrameworksBuildPhase section */

/* Begin PBXGroup section */
		9176EDAA1436DE0500626DA4 = {
			isa = PBXGroup;
			children = (
				9176EE051436E56500626DA4 /* libconcord.dylib */,
				9176EE021436E2FC00626DA4 /* concordance.c */,
				9176EE031436E2FC00626DA4 /* libconcord.h */,
				9176EDB61436DE0500626DA4 /* Products */,
			);
			sourceTree = "<group>";
		};
		9176EDB61436DE0500626DA4 /* Products */ = {
			isa = PBXGroup;
			children = (
				9176EDB51436DE0500626DA4 /* concordance */,
			);
			name = Products;
			sourceTree = "<group>";
		};
/* End PBXGroup section */

/* Begin PBXNativeTarget section */
		9176EDB41436DE0500626DA4 /* concordance */ = {
			isa = PBXNativeTarget;
			buildConfigurationList = 9176EDBF1436DE0500626DA4 /* Build configuration list for PBXNativeTarget "concordance" */;
			buildPhases = (
				9176EDB11436DE0500626DA4 /* Sources */,
				9176EDB21436DE0500626DA4 /* Frameworks */,
				9176EDB31436DE0500626DA4 /* CopyFiles */,
			);
			buildRules = (
			);
			dependencies = (
			);
			name = concordance;
			productName = concordance;
			productReference = 9176EDB51436DE0500626DA4 /* concordance */;
			productType = "com.apple.product-type.tool";
		};
/* End PBXNativeTarget section */

/* Begin PBXProject section */
		9176EDAC1436DE0500626DA4 /* Project object */ = {
			isa = PBXProject;
			buildConfigurationList = 9176EDAF1436DE0500626DA4 /* Build configuration list for PBXProject "concordance" */;
			compatibilityVersion = "Xcode 3.2";
			developmentRegion = English;
			hasScannedForEncodings = 0;
			knownRegions = (
				en,
			);
			mainGroup = 9176EDAA1436DE0500626DA4;
			productRefGroup = 9176EDB61436DE0500626DA4 /* Products */;
			projectDirPath = "";
			projectRoot = "";
			targets = (
				9176EDB41436DE0500626DA4 /* concordance */,
			);
		};
/* End PBXProject section */

/* Begin PBXSourcesBuildPhase section */
		9176EDB11436DE0500626DA4 /* Sources */ = {
			isa = PBXSourcesBuildPhase;
			buildActionMask = 2147483647;
			files = (
				9176EE041436E2FC00626DA4 /* concordance.c in Sources */,
			);
			runOnlyForDeploymentPostprocessing = 0;
		};
/* End PBXSourcesBuildPhase section */

/* Begin XCBuildConfiguration section */
		9176EDBD1436DE0500626DA4 /* Debug */ = {
			isa = XCBuildConfiguration;
			buildSettings = {
				ALWAYS_SEARCH_USER_PATHS = NO;
				ARCHS = "$(ARCHS_STANDARD_64_BIT)";
				COPY_PHASE_STRIP = NO;
				GCC_C_LANGUAGE_STANDARD = gnu99;
				GCC_DYNAMIC_NO_PIC = NO;
				GCC_ENABLE_OBJC_EXCEPTIONS = YES;
				GCC_OPTIMIZATION_LEVEL = 0;
				GCC_PREPROCESSOR_DEFINITIONS = (
					"DEBUG=1",
					"$(inherited)",
				);
				GCC_SYMBOLS_PRIVATE_EXTERN = NO;
				GCC_VERSION = com.apple.compilers.llvm.clang.1_0;
				GCC_WARN_64_TO_32_BIT_CONVERSION = YES;
				GCC_WARN_ABOUT_MISSING_PROTOTYPES = YES;
				GCC_WARN_ABOUT_RETURN_TYPE = YES;
				GCC_WARN_UNUSED_VARIABLE = YES;
				HEADER_SEARCH_PATHS = "/Users/doug/dev/concordance-0.23/libconcord";
				MACOSX_DEPLOYMENT_TARGET = 10.7;
				ONLY_ACTIVE_ARCH = YES;
				SDKROOT = macosx;
			};
			name = Debug;
		};
		9176EDBE1436DE0500626DA4 /* Release */ = {
			isa = XCBuildConfiguration;
			buildSettings = {
				ALWAYS_SEARCH_USER_PATHS = NO;
				ARCHS = "$(ARCHS_STANDARD_64_BIT)";
				COPY_PHASE_STRIP = YES;
				DEBUG_INFORMATION_FORMAT = "dwarf-with-dsym";
				GCC_C_LANGUAGE_STANDARD = gnu99;
				GCC_ENABLE_OBJC_EXCEPTIONS = YES;
				GCC_VERSION = com.apple.compilers.llvm.clang.1_0;
				GCC_WARN_64_TO_32_BIT_CONVERSION = YES;
				GCC_WARN_ABOUT_MISSING_PROTOTYPES = YES;
				GCC_WARN_ABOUT_RETURN_TYPE = YES;
				GCC_WARN_UNUSED_VARIABLE = YES;
				HEADER_SEARCH_PATHS = "/Users/doug/dev/concordance-0.23/libconcord";
				MACOSX_DEPLOYMENT_TARGET = 10.7;
				SDKROOT = macosx;
			};
			name = Release;
		};
		9176EDC01436DE0500626DA4 /* Debug */ = {
			isa = XCBuildConfiguration;
			buildSettings = {
				ALWAYS_SEARCH_USER_PATHS = NO;
				GCC_ENABLE_ASM_KEYWORD = NO;
				GCC_INLINES_ARE_PRIVATE_EXTERN = NO;
				HEADER_SEARCH_PATHS = "";
				LIBRARY_SEARCH_PATHS = /usr/local/lib;
				PRODUCT_NAME = "$(TARGET_NAME)";
				USER_HEADER_SEARCH_PATHS = "";
			};
			name = Debug;
		};
		9176EDC11436DE0500626DA4 /* Release */ = {
			isa = XCBuildConfiguration;
			buildSettings = {
				ALWAYS_SEARCH_USER_PATHS = NO;
				GCC_ENABLE_ASM_KEYWORD = NO;
				GCC_INLINES_ARE_PRIVATE_EXTERN = NO;
				HEADER_SEARCH_PATHS = "";
				LIBRARY_SEARCH_PATHS = /usr/local/lib;
				PRODUCT_NAME = "$(TARGET_NAME)";
				USER_HEADER_SEARCH_PATHS = "";
			};
			name = Release;
		};
/* End XCBuildConfiguration section */

/* Begin XCConfigurationList section */
		9176EDAF1436DE0500626DA4 /* Build configuration list for PBXProject "concordance" */ = {
			isa = XCConfigurationList;
			buildConfigurations = (
				9176EDBD1436DE0500626DA4 /* Debug */,
				9176EDBE1436DE0500626DA4 /* Release */,
			);
			defaultConfigurationIsVisible = 0;
			defaultConfigurationName = Release;
		};
		9176EDBF1436DE0500626DA4 /* Build configuration list for PBXNativeTarget "concordance" */ = {
			isa = XCConfigurationList;
			buildConfigurations = (
				9176EDC01436DE0500626DA4 /* Debug */,
				9176EDC11436DE0500626DA4 /* Release */,
			);
			defaultConfigurationIsVisible = 0;
		};
/* End XCConfigurationList section */
	};
	rootObject = 9176EDAC1436DE0500626DA4 /* Project object */;
}
